
Microsoft Visual Studio Solution File, Format Version 12.00
# Visual Studio Version 16
VisualStudioVersion = 16.0.31025.194
MinimumVisualStudioVersion = 10.0.40219.1
Project("{FAE04EC0-301F-11D3-BF4B-00C04F79EFBC}") = "UwpXamlAnalysisReference", "UwpXamlAnalysisReference\UwpXamlAnalysisReference\UwpXamlAnalysisReference.csproj", "{26D5BD0C-B578-4549-8A01-B0B790D01C05}"
EndProject
Project("{9A19103F-16F7-4668-BE54-9A1E7A4F7556}") = "WpfXamlAnalysisReference", "WpfXamlAnalysisReference\WpfXamlAnalysisReference\WpfXamlAnalysisReference.csproj", "{8C964CFF-DEF2-4612-B076-BA4939E47139}"
EndProject
Project("{2150E333-8FDC-42A3-9474-1A3956D46DE8}") = "Xamarin.Forms", "Xamarin.Forms", "{08E982E9-04E6-4500-B6F3-7E0FA7275FDA}"
EndProject
Project("{9A19103F-16F7-4668-BE54-9A1E7A4F7556}") = "XFXamlAnalysisReference", "XFXamlAnalysisReference\XFXamlAnalysisReference\XFXamlAnalysisReference.csproj", "{68956C5B-463E-4D7A-9FC9-816F289FE51B}"
EndProject
Project("{FAE04EC0-301F-11D3-BF4B-00C04F79EFBC}") = "XFXamlAnalysisReference.Android", "XFXamlAnalysisReference\XFXamlAnalysisReference.Android\XFXamlAnalysisReference.Android.csproj", "{9E97F2DA-2291-4331-A6BB-9BBA5B5047EC}"
EndProject
Project("{FAE04EC0-301F-11D3-BF4B-00C04F79EFBC}") = "XFXamlAnalysisReference.iOS", "XFXamlAnalysisReference\XFXamlAnalysisReference.iOS\XFXamlAnalysisReference.iOS.csproj", "{8ED5E114-C874-46AE-8938-B7270505DBA8}"
EndProject
Project("{FAE04EC0-301F-11D3-BF4B-00C04F79EFBC}") = "XFXamlAnalysisReference.UWP", "XFXamlAnalysisReference\XFXamlAnalysisReference.UWP\XFXamlAnalysisReference.UWP.csproj", "{B3CF4DFB-9261-4B75-A012-0065AD82665C}"
EndProject
Project("{C7167F0D-BC9F-4E6E-AFE1-012C56B48DB5}") = "WinuiXamlAnalysisReference (Package)", "WinuiXamlAnalysisReference\WinuiXamlAnalysisReference (Package)\WinuiXamlAnalysisReference (Package).wapproj", "{D841DB30-13CD-4E8C-937E-EBD384FDFC37}"
EndProject
Project("{FAE04EC0-301F-11D3-BF4B-00C04F79EFBC}") = "WinuiXamlAnalysisReference", "WinuiXamlAnalysisReference\WinuiXamlAnalysisReference\WinuiXamlAnalysisReference.csproj", "{408FEED4-6E51-43E0-B368-5A394C2E0338}"
EndProject
Global
	GlobalSection(SolutionConfigurationPlatforms) = preSolution
		Debug|Any CPU = Debug|Any CPU
		Debug|ARM = Debug|ARM
		Debug|ARM64 = Debug|ARM64
		Debug|iPhone = Debug|iPhone
		Debug|iPhoneSimulator = Debug|iPhoneSimulator
		Debug|x64 = Debug|x64
		Debug|x86 = Debug|x86
		Release|Any CPU = Release|Any CPU
		Release|ARM = Release|ARM
		Release|ARM64 = Release|ARM64
		Release|iPhone = Release|iPhone
		Release|iPhoneSimulator = Release|iPhoneSimulator
		Release|x64 = Release|x64
		Release|x86 = Release|x86
	EndGlobalSection
	GlobalSection(ProjectConfigurationPlatforms) = postSolution
		{26D5BD0C-B578-4549-8A01-B0B790D01C05}.Debug|Any CPU.ActiveCfg = Debug|x86
		{26D5BD0C-B578-4549-8A01-B0B790D01C05}.Debug|ARM.ActiveCfg = Debug|ARM
		{26D5BD0C-B578-4549-8A01-B0B790D01C05}.Debug|ARM.Build.0 = Debug|ARM
		{26D5BD0C-B578-4549-8A01-B0B790D01C05}.Debug|ARM.Deploy.0 = Debug|ARM
		{26D5BD0C-B578-4549-8A01-B0B790D01C05}.Debug|ARM64.ActiveCfg = Debug|ARM64
		{26D5BD0C-B578-4549-8A01-B0B790D01C05}.Debug|ARM64.Build.0 = Debug|ARM64
		{26D5BD0C-B578-4549-8A01-B0B790D01C05}.Debug|ARM64.Deploy.0 = Debug|ARM64
		{26D5BD0C-B578-4549-8A01-B0B790D01C05}.Debug|iPhone.ActiveCfg = Debug|x86
		{26D5BD0C-B578-4549-8A01-B0B790D01C05}.Debug|iPhoneSimulator.ActiveCfg = Debug|x86
		{26D5BD0C-B578-4549-8A01-B0B790D01C05}.Debug|x64.ActiveCfg = Debug|x64
		{26D5BD0C-B578-4549-8A01-B0B790D01C05}.Debug|x64.Build.0 = Debug|x64
		{26D5BD0C-B578-4549-8A01-B0B790D01C05}.Debug|x64.Deploy.0 = Debug|x64
		{26D5BD0C-B578-4549-8A01-B0B790D01C05}.Debug|x86.ActiveCfg = Debug|x86
		{26D5BD0C-B578-4549-8A01-B0B790D01C05}.Debug|x86.Build.0 = Debug|x86
		{26D5BD0C-B578-4549-8A01-B0B790D01C05}.Debug|x86.Deploy.0 = Debug|x86
		{26D5BD0C-B578-4549-8A01-B0B790D01C05}.Release|Any CPU.ActiveCfg = Release|x86
		{26D5BD0C-B578-4549-8A01-B0B790D01C05}.Release|ARM.ActiveCfg = Release|ARM
		{26D5BD0C-B578-4549-8A01-B0B790D01C05}.Release|ARM.Build.0 = Release|ARM
		{26D5BD0C-B578-4549-8A01-B0B790D01C05}.Release|ARM.Deploy.0 = Release|ARM
		{26D5BD0C-B578-4549-8A01-B0B790D01C05}.Release|ARM64.ActiveCfg = Release|ARM64
		{26D5BD0C-B578-4549-8A01-B0B790D01C05}.Release|ARM64.Build.0 = Release|ARM64
		{26D5BD0C-B578-4549-8A01-B0B790D01C05}.Release|ARM64.Deploy.0 = Release|ARM64
		{26D5BD0C-B578-4549-8A01-B0B790D01C05}.Release|iPhone.ActiveCfg = Release|x86
		{26D5BD0C-B578-4549-8A01-B0B790D01C05}.Release|iPhoneSimulator.ActiveCfg = Release|x86
		{26D5BD0C-B578-4549-8A01-B0B790D01C05}.Release|x64.ActiveCfg = Release|x64
		{26D5BD0C-B578-4549-8A01-B0B790D01C05}.Release|x64.Build.0 = Release|x64
		{26D5BD0C-B578-4549-8A01-B0B790D01C05}.Release|x64.Deploy.0 = Release|x64
		{26D5BD0C-B578-4549-8A01-B0B790D01C05}.Release|x86.ActiveCfg = Release|x86
		{26D5BD0C-B578-4549-8A01-B0B790D01C05}.Release|x86.Build.0 = Release|x86
		{26D5BD0C-B578-4549-8A01-B0B790D01C05}.Release|x86.Deploy.0 = Release|x86
		{8C964CFF-DEF2-4612-B076-BA4939E47139}.Debug|Any CPU.ActiveCfg = Debug|Any CPU
		{8C964CFF-DEF2-4612-B076-BA4939E47139}.Debug|Any CPU.Build.0 = Debug|Any CPU
		{8C964CFF-DEF2-4612-B076-BA4939E47139}.Debug|ARM.ActiveCfg = Debug|Any CPU
		{8C964CFF-DEF2-4612-B076-BA4939E47139}.Debug|ARM.Build.0 = Debug|Any CPU
		{8C964CFF-DEF2-4612-B076-BA4939E47139}.Debug|ARM64.ActiveCfg = Debug|Any CPU
		{8C964CFF-DEF2-4612-B076-BA4939E47139}.Debug|ARM64.Build.0 = Debug|Any CPU
		{8C964CFF-DEF2-4612-B076-BA4939E47139}.Debug|iPhone.ActiveCfg = Debug|Any CPU
		{8C964CFF-DEF2-4612-B076-BA4939E47139}.Debug|iPhone.Build.0 = Debug|Any CPU
		{8C964CFF-DEF2-4612-B076-BA4939E47139}.Debug|iPhoneSimulator.ActiveCfg = Debug|Any CPU
		{8C964CFF-DEF2-4612-B076-BA4939E47139}.Debug|iPhoneSimulator.Build.0 = Debug|Any CPU
		{8C964CFF-DEF2-4612-B076-BA4939E47139}.Debug|x64.ActiveCfg = Debug|Any CPU
		{8C964CFF-DEF2-4612-B076-BA4939E47139}.Debug|x64.Build.0 = Debug|Any CPU
		{8C964CFF-DEF2-4612-B076-BA4939E47139}.Debug|x86.ActiveCfg = Debug|Any CPU
		{8C964CFF-DEF2-4612-B076-BA4939E47139}.Debug|x86.Build.0 = Debug|Any CPU
		{8C964CFF-DEF2-4612-B076-BA4939E47139}.Release|Any CPU.ActiveCfg = Release|Any CPU
		{8C964CFF-DEF2-4612-B076-BA4939E47139}.Release|Any CPU.Build.0 = Release|Any CPU
		{8C964CFF-DEF2-4612-B076-BA4939E47139}.Release|ARM.ActiveCfg = Release|Any CPU
		{8C964CFF-DEF2-4612-B076-BA4939E47139}.Release|ARM.Build.0 = Release|Any CPU
		{8C964CFF-DEF2-4612-B076-BA4939E47139}.Release|ARM64.ActiveCfg = Release|Any CPU
		{8C964CFF-DEF2-4612-B076-BA4939E47139}.Release|ARM64.Build.0 = Release|Any CPU
		{8C964CFF-DEF2-4612-B076-BA4939E47139}.Release|iPhone.ActiveCfg = Release|Any CPU
		{8C964CFF-DEF2-4612-B076-BA4939E47139}.Release|iPhone.Build.0 = Release|Any CPU
		{8C964CFF-DEF2-4612-B076-BA4939E47139}.Release|iPhoneSimulator.ActiveCfg = Release|Any CPU
		{8C964CFF-DEF2-4612-B076-BA4939E47139}.Release|iPhoneSimulator.Build.0 = Release|Any CPU
		{8C964CFF-DEF2-4612-B076-BA4939E47139}.Release|x64.ActiveCfg = Release|Any CPU
		{8C964CFF-DEF2-4612-B076-BA4939E47139}.Release|x64.Build.0 = Release|Any CPU
		{8C964CFF-DEF2-4612-B076-BA4939E47139}.Release|x86.ActiveCfg = Release|Any CPU
		{8C964CFF-DEF2-4612-B076-BA4939E47139}.Release|x86.Build.0 = Release|Any CPU
		{68956C5B-463E-4D7A-9FC9-816F289FE51B}.Debug|Any CPU.ActiveCfg = Debug|Any CPU
		{68956C5B-463E-4D7A-9FC9-816F289FE51B}.Debug|Any CPU.Build.0 = Debug|Any CPU
		{68956C5B-463E-4D7A-9FC9-816F289FE51B}.Debug|ARM.ActiveCfg = Debug|Any CPU
		{68956C5B-463E-4D7A-9FC9-816F289FE51B}.Debug|ARM.Build.0 = Debug|Any CPU
		{68956C5B-463E-4D7A-9FC9-816F289FE51B}.Debug|ARM64.ActiveCfg = Debug|Any CPU
		{68956C5B-463E-4D7A-9FC9-816F289FE51B}.Debug|ARM64.Build.0 = Debug|Any CPU
		{68956C5B-463E-4D7A-9FC9-816F289FE51B}.Debug|iPhone.ActiveCfg = Debug|Any CPU
		{68956C5B-463E-4D7A-9FC9-816F289FE51B}.Debug|iPhone.Build.0 = Debug|Any CPU
		{68956C5B-463E-4D7A-9FC9-816F289FE51B}.Debug|iPhoneSimulator.ActiveCfg = Debug|Any CPU
		{68956C5B-463E-4D7A-9FC9-816F289FE51B}.Debug|iPhoneSimulator.Build.0 = Debug|Any CPU
		{68956C5B-463E-4D7A-9FC9-816F289FE51B}.Debug|x64.ActiveCfg = Debug|Any CPU
		{68956C5B-463E-4D7A-9FC9-816F289FE51B}.Debug|x64.Build.0 = Debug|Any CPU
		{68956C5B-463E-4D7A-9FC9-816F289FE51B}.Debug|x86.ActiveCfg = Debug|Any CPU
		{68956C5B-463E-4D7A-9FC9-816F289FE51B}.Debug|x86.Build.0 = Debug|Any CPU
		{68956C5B-463E-4D7A-9FC9-816F289FE51B}.Release|Any CPU.ActiveCfg = Release|Any CPU
		{68956C5B-463E-4D7A-9FC9-816F289FE51B}.Release|Any CPU.Build.0 = Release|Any CPU
		{68956C5B-463E-4D7A-9FC9-816F289FE51B}.Release|ARM.ActiveCfg = Release|Any CPU
		{68956C5B-463E-4D7A-9FC9-816F289FE51B}.Release|ARM.Build.0 = Release|Any CPU
		{68956C5B-463E-4D7A-9FC9-816F289FE51B}.Release|ARM64.ActiveCfg = Release|Any CPU
		{68956C5B-463E-4D7A-9FC9-816F289FE51B}.Release|ARM64.Build.0 = Release|Any CPU
		{68956C5B-463E-4D7A-9FC9-816F289FE51B}.Release|iPhone.ActiveCfg = Release|Any CPU
		{68956C5B-463E-4D7A-9FC9-816F289FE51B}.Release|iPhone.Build.0 = Release|Any CPU
		{68956C5B-463E-4D7A-9FC9-816F289FE51B}.Release|iPhoneSimulator.ActiveCfg = Release|Any CPU
		{68956C5B-463E-4D7A-9FC9-816F289FE51B}.Release|iPhoneSimulator.Build.0 = Release|Any CPU
		{68956C5B-463E-4D7A-9FC9-816F289FE51B}.Release|x64.ActiveCfg = Release|Any CPU
		{68956C5B-463E-4D7A-9FC9-816F289FE51B}.Release|x64.Build.0 = Release|Any CPU
		{68956C5B-463E-4D7A-9FC9-816F289FE51B}.Release|x86.ActiveCfg = Release|Any CPU
		{68956C5B-463E-4D7A-9FC9-816F289FE51B}.Release|x86.Build.0 = Release|Any CPU
		{9E97F2DA-2291-4331-A6BB-9BBA5B5047EC}.Debug|Any CPU.ActiveCfg = Debug|Any CPU
		{9E97F2DA-2291-4331-A6BB-9BBA5B5047EC}.Debug|Any CPU.Build.0 = Debug|Any CPU
		{9E97F2DA-2291-4331-A6BB-9BBA5B5047EC}.Debug|Any CPU.Deploy.0 = Debug|Any CPU
		{9E97F2DA-2291-4331-A6BB-9BBA5B5047EC}.Debug|ARM.ActiveCfg = Debug|Any CPU
		{9E97F2DA-2291-4331-A6BB-9BBA5B5047EC}.Debug|ARM.Build.0 = Debug|Any CPU
		{9E97F2DA-2291-4331-A6BB-9BBA5B5047EC}.Debug|ARM.Deploy.0 = Debug|Any CPU
		{9E97F2DA-2291-4331-A6BB-9BBA5B5047EC}.Debug|ARM64.ActiveCfg = Debug|Any CPU
		{9E97F2DA-2291-4331-A6BB-9BBA5B5047EC}.Debug|ARM64.Build.0 = Debug|Any CPU
		{9E97F2DA-2291-4331-A6BB-9BBA5B5047EC}.Debug|ARM64.Deploy.0 = Debug|Any CPU
		{9E97F2DA-2291-4331-A6BB-9BBA5B5047EC}.Debug|iPhone.ActiveCfg = Debug|Any CPU
		{9E97F2DA-2291-4331-A6BB-9BBA5B5047EC}.Debug|iPhone.Build.0 = Debug|Any CPU
		{9E97F2DA-2291-4331-A6BB-9BBA5B5047EC}.Debug|iPhone.Deploy.0 = Debug|Any CPU
		{9E97F2DA-2291-4331-A6BB-9BBA5B5047EC}.Debug|iPhoneSimulator.ActiveCfg = Debug|Any CPU
		{9E97F2DA-2291-4331-A6BB-9BBA5B5047EC}.Debug|iPhoneSimulator.Build.0 = Debug|Any CPU
		{9E97F2DA-2291-4331-A6BB-9BBA5B5047EC}.Debug|iPhoneSimulator.Deploy.0 = Debug|Any CPU
		{9E97F2DA-2291-4331-A6BB-9BBA5B5047EC}.Debug|x64.ActiveCfg = Debug|Any CPU
		{9E97F2DA-2291-4331-A6BB-9BBA5B5047EC}.Debug|x64.Build.0 = Debug|Any CPU
		{9E97F2DA-2291-4331-A6BB-9BBA5B5047EC}.Debug|x64.Deploy.0 = Debug|Any CPU
		{9E97F2DA-2291-4331-A6BB-9BBA5B5047EC}.Debug|x86.ActiveCfg = Debug|Any CPU
		{9E97F2DA-2291-4331-A6BB-9BBA5B5047EC}.Debug|x86.Build.0 = Debug|Any CPU
		{9E97F2DA-2291-4331-A6BB-9BBA5B5047EC}.Debug|x86.Deploy.0 = Debug|Any CPU
		{9E97F2DA-2291-4331-A6BB-9BBA5B5047EC}.Release|Any CPU.ActiveCfg = Release|Any CPU
		{9E97F2DA-2291-4331-A6BB-9BBA5B5047EC}.Release|Any CPU.Build.0 = Release|Any CPU
		{9E97F2DA-2291-4331-A6BB-9BBA5B5047EC}.Release|Any CPU.Deploy.0 = Release|Any CPU
		{9E97F2DA-2291-4331-A6BB-9BBA5B5047EC}.Release|ARM.ActiveCfg = Release|Any CPU
		{9E97F2DA-2291-4331-A6BB-9BBA5B5047EC}.Release|ARM.Build.0 = Release|Any CPU
		{9E97F2DA-2291-4331-A6BB-9BBA5B5047EC}.Release|ARM.Deploy.0 = Release|Any CPU
		{9E97F2DA-2291-4331-A6BB-9BBA5B5047EC}.Release|ARM64.ActiveCfg = Release|Any CPU
		{9E97F2DA-2291-4331-A6BB-9BBA5B5047EC}.Release|ARM64.Build.0 = Release|Any CPU
		{9E97F2DA-2291-4331-A6BB-9BBA5B5047EC}.Release|ARM64.Deploy.0 = Release|Any CPU
		{9E97F2DA-2291-4331-A6BB-9BBA5B5047EC}.Release|iPhone.ActiveCfg = Release|Any CPU
		{9E97F2DA-2291-4331-A6BB-9BBA5B5047EC}.Release|iPhone.Build.0 = Release|Any CPU
		{9E97F2DA-2291-4331-A6BB-9BBA5B5047EC}.Release|iPhone.Deploy.0 = Release|Any CPU
		{9E97F2DA-2291-4331-A6BB-9BBA5B5047EC}.Release|iPhoneSimulator.ActiveCfg = Release|Any CPU
		{9E97F2DA-2291-4331-A6BB-9BBA5B5047EC}.Release|iPhoneSimulator.Build.0 = Release|Any CPU
		{9E97F2DA-2291-4331-A6BB-9BBA5B5047EC}.Release|iPhoneSimulator.Deploy.0 = Release|Any CPU
		{9E97F2DA-2291-4331-A6BB-9BBA5B5047EC}.Release|x64.ActiveCfg = Release|Any CPU
		{9E97F2DA-2291-4331-A6BB-9BBA5B5047EC}.Release|x64.Build.0 = Release|Any CPU
		{9E97F2DA-2291-4331-A6BB-9BBA5B5047EC}.Release|x64.Deploy.0 = Release|Any CPU
		{9E97F2DA-2291-4331-A6BB-9BBA5B5047EC}.Release|x86.ActiveCfg = Release|Any CPU
		{9E97F2DA-2291-4331-A6BB-9BBA5B5047EC}.Release|x86.Build.0 = Release|Any CPU
		{9E97F2DA-2291-4331-A6BB-9BBA5B5047EC}.Release|x86.Deploy.0 = Release|Any CPU
		{8ED5E114-C874-46AE-8938-B7270505DBA8}.Debug|Any CPU.ActiveCfg = Debug|iPhoneSimulator
		{8ED5E114-C874-46AE-8938-B7270505DBA8}.Debug|ARM.ActiveCfg = Debug|iPhoneSimulator
		{8ED5E114-C874-46AE-8938-B7270505DBA8}.Debug|ARM64.ActiveCfg = Debug|iPhoneSimulator
		{8ED5E114-C874-46AE-8938-B7270505DBA8}.Debug|iPhone.ActiveCfg = Debug|iPhone
		{8ED5E114-C874-46AE-8938-B7270505DBA8}.Debug|iPhone.Build.0 = Debug|iPhone
		{8ED5E114-C874-46AE-8938-B7270505DBA8}.Debug|iPhoneSimulator.ActiveCfg = Debug|iPhoneSimulator
		{8ED5E114-C874-46AE-8938-B7270505DBA8}.Debug|iPhoneSimulator.Build.0 = Debug|iPhoneSimulator
		{8ED5E114-C874-46AE-8938-B7270505DBA8}.Debug|x64.ActiveCfg = Debug|iPhoneSimulator
		{8ED5E114-C874-46AE-8938-B7270505DBA8}.Debug|x86.ActiveCfg = Debug|iPhoneSimulator
		{8ED5E114-C874-46AE-8938-B7270505DBA8}.Release|Any CPU.ActiveCfg = Release|iPhoneSimulator
		{8ED5E114-C874-46AE-8938-B7270505DBA8}.Release|ARM.ActiveCfg = Release|iPhoneSimulator
		{8ED5E114-C874-46AE-8938-B7270505DBA8}.Release|ARM64.ActiveCfg = Release|iPhoneSimulator
		{8ED5E114-C874-46AE-8938-B7270505DBA8}.Release|iPhone.ActiveCfg = Release|iPhone
		{8ED5E114-C874-46AE-8938-B7270505DBA8}.Release|iPhone.Build.0 = Release|iPhone
		{8ED5E114-C874-46AE-8938-B7270505DBA8}.Release|iPhoneSimulator.ActiveCfg = Release|iPhoneSimulator
		{8ED5E114-C874-46AE-8938-B7270505DBA8}.Release|iPhoneSimulator.Build.0 = Release|iPhoneSimulator
		{8ED5E114-C874-46AE-8938-B7270505DBA8}.Release|x64.ActiveCfg = Release|iPhoneSimulator
		{8ED5E114-C874-46AE-8938-B7270505DBA8}.Release|x86.ActiveCfg = Release|iPhoneSimulator
		{B3CF4DFB-9261-4B75-A012-0065AD82665C}.Debug|Any CPU.ActiveCfg = Debug|x86
		{B3CF4DFB-9261-4B75-A012-0065AD82665C}.Debug|ARM.ActiveCfg = Debug|ARM
		{B3CF4DFB-9261-4B75-A012-0065AD82665C}.Debug|ARM.Build.0 = Debug|ARM
		{B3CF4DFB-9261-4B75-A012-0065AD82665C}.Debug|ARM.Deploy.0 = Debug|ARM
		{B3CF4DFB-9261-4B75-A012-0065AD82665C}.Debug|ARM64.ActiveCfg = Debug|x86
		{B3CF4DFB-9261-4B75-A012-0065AD82665C}.Debug|iPhone.ActiveCfg = Debug|x86
		{B3CF4DFB-9261-4B75-A012-0065AD82665C}.Debug|iPhoneSimulator.ActiveCfg = Debug|x86
		{B3CF4DFB-9261-4B75-A012-0065AD82665C}.Debug|x64.ActiveCfg = Debug|x64
		{B3CF4DFB-9261-4B75-A012-0065AD82665C}.Debug|x64.Build.0 = Debug|x64
		{B3CF4DFB-9261-4B75-A012-0065AD82665C}.Debug|x64.Deploy.0 = Debug|x64
		{B3CF4DFB-9261-4B75-A012-0065AD82665C}.Debug|x86.ActiveCfg = Debug|x86
		{B3CF4DFB-9261-4B75-A012-0065AD82665C}.Debug|x86.Build.0 = Debug|x86
		{B3CF4DFB-9261-4B75-A012-0065AD82665C}.Debug|x86.Deploy.0 = Debug|x86
		{B3CF4DFB-9261-4B75-A012-0065AD82665C}.Release|Any CPU.ActiveCfg = Release|x86
		{B3CF4DFB-9261-4B75-A012-0065AD82665C}.Release|ARM.ActiveCfg = Release|ARM
		{B3CF4DFB-9261-4B75-A012-0065AD82665C}.Release|ARM.Build.0 = Release|ARM
		{B3CF4DFB-9261-4B75-A012-0065AD82665C}.Release|ARM.Deploy.0 = Release|ARM
		{B3CF4DFB-9261-4B75-A012-0065AD82665C}.Release|ARM64.ActiveCfg = Release|x86
		{B3CF4DFB-9261-4B75-A012-0065AD82665C}.Release|iPhone.ActiveCfg = Release|x86
		{B3CF4DFB-9261-4B75-A012-0065AD82665C}.Release|iPhoneSimulator.ActiveCfg = Release|x86
		{B3CF4DFB-9261-4B75-A012-0065AD82665C}.Release|x64.ActiveCfg = Release|x64
		{B3CF4DFB-9261-4B75-A012-0065AD82665C}.Release|x64.Build.0 = Release|x64
		{B3CF4DFB-9261-4B75-A012-0065AD82665C}.Release|x64.Deploy.0 = Release|x64
		{B3CF4DFB-9261-4B75-A012-0065AD82665C}.Release|x86.ActiveCfg = Release|x86
		{B3CF4DFB-9261-4B75-A012-0065AD82665C}.Release|x86.Build.0 = Release|x86
		{B3CF4DFB-9261-4B75-A012-0065AD82665C}.Release|x86.Deploy.0 = Release|x86
		{D841DB30-13CD-4E8C-937E-EBD384FDFC37}.Debug|Any CPU.ActiveCfg = Debug|x86
		{D841DB30-13CD-4E8C-937E-EBD384FDFC37}.Debug|ARM.ActiveCfg = Debug|x86
		{D841DB30-13CD-4E8C-937E-EBD384FDFC37}.Debug|ARM64.ActiveCfg = Debug|arm64
		{D841DB30-13CD-4E8C-937E-EBD384FDFC37}.Debug|ARM64.Build.0 = Debug|arm64
		{D841DB30-13CD-4E8C-937E-EBD384FDFC37}.Debug|ARM64.Deploy.0 = Debug|arm64
		{D841DB30-13CD-4E8C-937E-EBD384FDFC37}.Debug|iPhone.ActiveCfg = Debug|x86
		{D841DB30-13CD-4E8C-937E-EBD384FDFC37}.Debug|iPhoneSimulator.ActiveCfg = Debug|x86
		{D841DB30-13CD-4E8C-937E-EBD384FDFC37}.Debug|x64.ActiveCfg = Debug|x64
		{D841DB30-13CD-4E8C-937E-EBD384FDFC37}.Debug|x64.Build.0 = Debug|x64
		{D841DB30-13CD-4E8C-937E-EBD384FDFC37}.Debug|x64.Deploy.0 = Debug|x64
		{D841DB30-13CD-4E8C-937E-EBD384FDFC37}.Debug|x86.ActiveCfg = Debug|x86
		{D841DB30-13CD-4E8C-937E-EBD384FDFC37}.Debug|x86.Build.0 = Debug|x86
		{D841DB30-13CD-4E8C-937E-EBD384FDFC37}.Debug|x86.Deploy.0 = Debug|x86
		{D841DB30-13CD-4E8C-937E-EBD384FDFC37}.Release|Any CPU.ActiveCfg = Release|x86
		{D841DB30-13CD-4E8C-937E-EBD384FDFC37}.Release|ARM.ActiveCfg = Release|x86
		{D841DB30-13CD-4E8C-937E-EBD384FDFC37}.Release|ARM64.ActiveCfg = Release|arm64
		{D841DB30-13CD-4E8C-937E-EBD384FDFC37}.Release|ARM64.Build.0 = Release|arm64
		{D841DB30-13CD-4E8C-937E-EBD384FDFC37}.Release|ARM64.Deploy.0 = Release|arm64
		{D841DB30-13CD-4E8C-937E-EBD384FDFC37}.Release|iPhone.ActiveCfg = Release|x86
		{D841DB30-13CD-4E8C-937E-EBD384FDFC37}.Release|iPhoneSimulator.ActiveCfg = Release|x86
		{D841DB30-13CD-4E8C-937E-EBD384FDFC37}.Release|x64.ActiveCfg = Release|x64
		{D841DB30-13CD-4E8C-937E-EBD384FDFC37}.Release|x64.Build.0 = Release|x64
		{D841DB30-13CD-4E8C-937E-EBD384FDFC37}.Release|x64.Deploy.0 = Release|x64
		{D841DB30-13CD-4E8C-937E-EBD384FDFC37}.Release|x86.ActiveCfg = Release|x86
		{D841DB30-13CD-4E8C-937E-EBD384FDFC37}.Release|x86.Build.0 = Release|x86
		{D841DB30-13CD-4E8C-937E-EBD384FDFC37}.Release|x86.Deploy.0 = Release|x86
		{408FEED4-6E51-43E0-B368-5A394C2E0338}.Debug|Any CPU.ActiveCfg = Debug|x86
		{408FEED4-6E51-43E0-B368-5A394C2E0338}.Debug|ARM.ActiveCfg = Debug|x86
		{408FEED4-6E51-43E0-B368-5A394C2E0338}.Debug|ARM64.ActiveCfg = Debug|arm64
		{408FEED4-6E51-43E0-B368-5A394C2E0338}.Debug|ARM64.Build.0 = Debug|arm64
		{408FEED4-6E51-43E0-B368-5A394C2E0338}.Debug|iPhone.ActiveCfg = Debug|x86
		{408FEED4-6E51-43E0-B368-5A394C2E0338}.Debug|iPhoneSimulator.ActiveCfg = Debug|x86
		{408FEED4-6E51-43E0-B368-5A394C2E0338}.Debug|x64.ActiveCfg = Debug|x64
		{408FEED4-6E51-43E0-B368-5A394C2E0338}.Debug|x64.Build.0 = Debug|x64
		{408FEED4-6E51-43E0-B368-5A394C2E0338}.Debug|x86.ActiveCfg = Debug|x86
		{408FEED4-6E51-43E0-B368-5A394C2E0338}.Debug|x86.Build.0 = Debug|x86
		{408FEED4-6E51-43E0-B368-5A394C2E0338}.Release|Any CPU.ActiveCfg = Release|x86
		{408FEED4-6E51-43E0-B368-5A394C2E0338}.Release|ARM.ActiveCfg = Release|x86
		{408FEED4-6E51-43E0-B368-5A394C2E0338}.Release|ARM64.ActiveCfg = Release|arm64
		{408FEED4-6E51-43E0-B368-5A394C2E0338}.Release|ARM64.Build.0 = Release|arm64
		{408FEED4-6E51-43E0-B368-5A394C2E0338}.Release|iPhone.ActiveCfg = Release|x86
		{408FEED4-6E51-43E0-B368-5A394C2E0338}.Release|iPhoneSimulator.ActiveCfg = Release|x86
		{408FEED4-6E51-43E0-B368-5A394C2E0338}.Release|x64.ActiveCfg = Release|x64
		{408FEED4-6E51-43E0-B368-5A394C2E0338}.Release|x64.Build.0 = Release|x64
		{408FEED4-6E51-43E0-B368-5A394C2E0338}.Release|x86.ActiveCfg = Release|x86
		{408FEED4-6E51-43E0-B368-5A394C2E0338}.Release|x86.Build.0 = Release|x86
	EndGlobalSection
	GlobalSection(SolutionProperties) = preSolution
		HideSolutionNode = FALSE
	EndGlobalSection
	GlobalSection(NestedProjects) = preSolution
		{68956C5B-463E-4D7A-9FC9-816F289FE51B} = {08E982E9-04E6-4500-B6F3-7E0FA7275FDA}
		{9E97F2DA-2291-4331-A6BB-9BBA5B5047EC} = {08E982E9-04E6-4500-B6F3-7E0FA7275FDA}
		{8ED5E114-C874-46AE-8938-B7270505DBA8} = {08E982E9-04E6-4500-B6F3-7E0FA7275FDA}
		{B3CF4DFB-9261-4B75-A012-0065AD82665C} = {08E982E9-04E6-4500-B6F3-7E0FA7275FDA}
	EndGlobalSection
	GlobalSection(ExtensibilityGlobals) = postSolution
		SolutionGuid = {257DFB72-BB58-461F-B2EA-FA3D59DAE5C3}
	EndGlobalSection
EndGlobal
