
Microsoft Visual Studio Solution File, Format Version 12.00
# Visual Studio Version 16
VisualStudioVersion = 16.0.31025.194
MinimumVisualStudioVersion = 10.0.40219.1
Project("{C7167F0D-BC9F-4E6E-AFE1-012C56B48DB5}") = "WinuiXamlAnalysisReference (Package)", "WinuiXamlAnalysisReference (Package)\WinuiXamlAnalysisReference (Package).wapproj", "{D841DB30-13CD-4E8C-937E-EBD384FDFC37}"
EndProject
Project("{9A19103F-16F7-4668-BE54-9A1E7A4F7556}") = "WinuiXamlAnalysisReference", "WinuiXamlAnalysisReference\WinuiXamlAnalysisReference.csproj", "{408FEED4-6E51-43E0-B368-5A394C2E0338}"
EndProject
Global
	GlobalSection(SolutionConfigurationPlatforms) = preSolution
		Debug|Any CPU = Debug|Any CPU
		Debug|ARM = Debug|ARM
		Debug|ARM64 = Debug|ARM64
		Debug|iPhone = Debug|iPhone
		Debug|iPhoneSimulator = Debug|iPhoneSimulator
		Debug|x64 = Debug|x64
		Debug|x86 = Debug|x86
		Release|Any CPU = Release|Any CPU
		Release|ARM = Release|ARM
		Release|ARM64 = Release|ARM64
		Release|iPhone = Release|iPhone
		Release|iPhoneSimulator = Release|iPhoneSimulator
		Release|x64 = Release|x64
		Release|x86 = Release|x86
	EndGlobalSection
	GlobalSection(ProjectConfigurationPlatforms) = postSolution
		{D841DB30-13CD-4E8C-937E-EBD384FDFC37}.Debug|Any CPU.ActiveCfg = Debug|x86
		{D841DB30-13CD-4E8C-937E-EBD384FDFC37}.Debug|ARM.ActiveCfg = Debug|x86
		{D841DB30-13CD-4E8C-937E-EBD384FDFC37}.Debug|ARM64.ActiveCfg = Debug|arm64
		{D841DB30-13CD-4E8C-937E-EBD384FDFC37}.Debug|ARM64.Build.0 = Debug|arm64
		{D841DB30-13CD-4E8C-937E-EBD384FDFC37}.Debug|ARM64.Deploy.0 = Debug|arm64
		{D841DB30-13CD-4E8C-937E-EBD384FDFC37}.Debug|iPhone.ActiveCfg = Debug|x86
		{D841DB30-13CD-4E8C-937E-EBD384FDFC37}.Debug|iPhoneSimulator.ActiveCfg = Debug|x86
		{D841DB30-13CD-4E8C-937E-EBD384FDFC37}.Debug|x64.ActiveCfg = Debug|x64
		{D841DB30-13CD-4E8C-937E-EBD384FDFC37}.Debug|x64.Build.0 = Debug|x64
		{D841DB30-13CD-4E8C-937E-EBD384FDFC37}.Debug|x64.Deploy.0 = Debug|x64
		{D841DB30-13CD-4E8C-937E-EBD384FDFC37}.Debug|x86.ActiveCfg = Debug|x86
		{D841DB30-13CD-4E8C-937E-EBD384FDFC37}.Debug|x86.Build.0 = Debug|x86
		{D841DB30-13CD-4E8C-937E-EBD384FDFC37}.Debug|x86.Deploy.0 = Debug|x86
		{D841DB30-13CD-4E8C-937E-EBD384FDFC37}.Release|Any CPU.ActiveCfg = Release|x86
		{D841DB30-13CD-4E8C-937E-EBD384FDFC37}.Release|ARM.ActiveCfg = Release|x86
		{D841DB30-13CD-4E8C-937E-EBD384FDFC37}.Release|ARM64.ActiveCfg = Release|arm64
		{D841DB30-13CD-4E8C-937E-EBD384FDFC37}.Release|ARM64.Build.0 = Release|arm64
		{D841DB30-13CD-4E8C-937E-EBD384FDFC37}.Release|ARM64.Deploy.0 = Release|arm64
		{D841DB30-13CD-4E8C-937E-EBD384FDFC37}.Release|iPhone.ActiveCfg = Release|x86
		{D841DB30-13CD-4E8C-937E-EBD384FDFC37}.Release|iPhoneSimulator.ActiveCfg = Release|x86
		{D841DB30-13CD-4E8C-937E-EBD384FDFC37}.Release|x64.ActiveCfg = Release|x64
		{D841DB30-13CD-4E8C-937E-EBD384FDFC37}.Release|x64.Build.0 = Release|x64
		{D841DB30-13CD-4E8C-937E-EBD384FDFC37}.Release|x64.Deploy.0 = Release|x64
		{D841DB30-13CD-4E8C-937E-EBD384FDFC37}.Release|x86.ActiveCfg = Release|x86
		{D841DB30-13CD-4E8C-937E-EBD384FDFC37}.Release|x86.Build.0 = Release|x86
		{D841DB30-13CD-4E8C-937E-EBD384FDFC37}.Release|x86.Deploy.0 = Release|x86
		{408FEED4-6E51-43E0-B368-5A394C2E0338}.Debug|Any CPU.ActiveCfg = Debug|x86
		{408FEED4-6E51-43E0-B368-5A394C2E0338}.Debug|ARM.ActiveCfg = Debug|x86
		{408FEED4-6E51-43E0-B368-5A394C2E0338}.Debug|ARM64.ActiveCfg = Debug|arm64
		{408FEED4-6E51-43E0-B368-5A394C2E0338}.Debug|ARM64.Build.0 = Debug|arm64
		{408FEED4-6E51-43E0-B368-5A394C2E0338}.Debug|iPhone.ActiveCfg = Debug|x86
		{408FEED4-6E51-43E0-B368-5A394C2E0338}.Debug|iPhoneSimulator.ActiveCfg = Debug|x86
		{408FEED4-6E51-43E0-B368-5A394C2E0338}.Debug|x64.ActiveCfg = Debug|x64
		{408FEED4-6E51-43E0-B368-5A394C2E0338}.Debug|x64.Build.0 = Debug|x64
		{408FEED4-6E51-43E0-B368-5A394C2E0338}.Debug|x86.ActiveCfg = Debug|x86
		{408FEED4-6E51-43E0-B368-5A394C2E0338}.Debug|x86.Build.0 = Debug|x86
		{408FEED4-6E51-43E0-B368-5A394C2E0338}.Release|Any CPU.ActiveCfg = Release|x86
		{408FEED4-6E51-43E0-B368-5A394C2E0338}.Release|ARM.ActiveCfg = Release|x86
		{408FEED4-6E51-43E0-B368-5A394C2E0338}.Release|ARM64.ActiveCfg = Release|arm64
		{408FEED4-6E51-43E0-B368-5A394C2E0338}.Release|ARM64.Build.0 = Release|arm64
		{408FEED4-6E51-43E0-B368-5A394C2E0338}.Release|iPhone.ActiveCfg = Release|x86
		{408FEED4-6E51-43E0-B368-5A394C2E0338}.Release|iPhoneSimulator.ActiveCfg = Release|x86
		{408FEED4-6E51-43E0-B368-5A394C2E0338}.Release|x64.ActiveCfg = Release|x64
		{408FEED4-6E51-43E0-B368-5A394C2E0338}.Release|x64.Build.0 = Release|x64
		{408FEED4-6E51-43E0-B368-5A394C2E0338}.Release|x86.ActiveCfg = Release|x86
		{408FEED4-6E51-43E0-B368-5A394C2E0338}.Release|x86.Build.0 = Release|x86
	EndGlobalSection
	GlobalSection(SolutionProperties) = preSolution
		HideSolutionNode = FALSE
	EndGlobalSection
	GlobalSection(ExtensibilityGlobals) = postSolution
		SolutionGuid = {257DFB72-BB58-461F-B2EA-FA3D59DAE5C3}
	EndGlobalSection
EndGlobal
