
Microsoft Visual Studio Solution File, Format Version 12.00
# Visual Studio Version 16
VisualStudioVersion = 16.0.30524.135
MinimumVisualStudioVersion = 10.0.40219.1
Project("{FAE04EC0-301F-11D3-BF4B-00C04F79EFBC}") = "XFXamlAnalysisReference.UWP", "XFXamlAnalysisReference.UWP\XFXamlAnalysisReference.UWP.csproj", "{B3CF4DFB-9261-4B75-A012-0065AD82665C}"
EndProject
Project("{FAE04EC0-301F-11D3-BF4B-00C04F79EFBC}") = "XFXamlAnalysisReference.Android", "XFXamlAnalysisReference.Android\XFXamlAnalysisReference.Android.csproj", "{9E97F2DA-2291-4331-A6BB-9BBA5B5047EC}"
EndProject
Project("{FAE04EC0-301F-11D3-BF4B-00C04F79EFBC}") = "XFXamlAnalysisReference.iOS", "XFXamlAnalysisReference.iOS\XFXamlAnalysisReference.iOS.csproj", "{8ED5E114-C874-46AE-8938-B7270505DBA8}"
EndProject
Project("{9A19103F-16F7-4668-BE54-9A1E7A4F7556}") = "XFXamlAnalysisReference", "XFXamlAnalysisReference\XFXamlAnalysisReference.csproj", "{4D214142-02B7-4CB2-8CEF-08EE082F58EC}"
EndProject
Global
	GlobalSection(SolutionConfigurationPlatforms) = preSolution
		Debug|Any CPU = Debug|Any CPU
		Debug|ARM = Debug|ARM
		Debug|iPhone = Debug|iPhone
		Debug|iPhoneSimulator = Debug|iPhoneSimulator
		Debug|x64 = Debug|x64
		Debug|x86 = Debug|x86
		Release|Any CPU = Release|Any CPU
		Release|ARM = Release|ARM
		Release|iPhone = Release|iPhone
		Release|iPhoneSimulator = Release|iPhoneSimulator
		Release|x64 = Release|x64
		Release|x86 = Release|x86
	EndGlobalSection
	GlobalSection(ProjectConfigurationPlatforms) = postSolution
		{B3CF4DFB-9261-4B75-A012-0065AD82665C}.Debug|Any CPU.ActiveCfg = Debug|x86
		{B3CF4DFB-9261-4B75-A012-0065AD82665C}.Debug|Any CPU.Build.0 = Debug|x86
		{B3CF4DFB-9261-4B75-A012-0065AD82665C}.Debug|Any CPU.Deploy.0 = Debug|x86
		{B3CF4DFB-9261-4B75-A012-0065AD82665C}.Debug|ARM.ActiveCfg = Debug|ARM
		{B3CF4DFB-9261-4B75-A012-0065AD82665C}.Debug|ARM.Build.0 = Debug|ARM
		{B3CF4DFB-9261-4B75-A012-0065AD82665C}.Debug|ARM.Deploy.0 = Debug|ARM
		{B3CF4DFB-9261-4B75-A012-0065AD82665C}.Debug|iPhone.ActiveCfg = Debug|x86
		{B3CF4DFB-9261-4B75-A012-0065AD82665C}.Debug|iPhone.Build.0 = Debug|x86
		{B3CF4DFB-9261-4B75-A012-0065AD82665C}.Debug|iPhone.Deploy.0 = Debug|x86
		{B3CF4DFB-9261-4B75-A012-0065AD82665C}.Debug|iPhoneSimulator.ActiveCfg = Debug|x86
		{B3CF4DFB-9261-4B75-A012-0065AD82665C}.Debug|iPhoneSimulator.Build.0 = Debug|x86
		{B3CF4DFB-9261-4B75-A012-0065AD82665C}.Debug|iPhoneSimulator.Deploy.0 = Debug|x86
		{B3CF4DFB-9261-4B75-A012-0065AD82665C}.Debug|x64.ActiveCfg = Debug|x64
		{B3CF4DFB-9261-4B75-A012-0065AD82665C}.Debug|x64.Build.0 = Debug|x64
		{B3CF4DFB-9261-4B75-A012-0065AD82665C}.Debug|x64.Deploy.0 = Debug|x64
		{B3CF4DFB-9261-4B75-A012-0065AD82665C}.Debug|x86.ActiveCfg = Debug|x86
		{B3CF4DFB-9261-4B75-A012-0065AD82665C}.Debug|x86.Build.0 = Debug|x86
		{B3CF4DFB-9261-4B75-A012-0065AD82665C}.Debug|x86.Deploy.0 = Debug|x86
		{B3CF4DFB-9261-4B75-A012-0065AD82665C}.Release|Any CPU.ActiveCfg = Release|x86
		{B3CF4DFB-9261-4B75-A012-0065AD82665C}.Release|Any CPU.Build.0 = Release|x86
		{B3CF4DFB-9261-4B75-A012-0065AD82665C}.Release|Any CPU.Deploy.0 = Release|x86
		{B3CF4DFB-9261-4B75-A012-0065AD82665C}.Release|ARM.ActiveCfg = Release|ARM
		{B3CF4DFB-9261-4B75-A012-0065AD82665C}.Release|ARM.Build.0 = Release|ARM
		{B3CF4DFB-9261-4B75-A012-0065AD82665C}.Release|ARM.Deploy.0 = Release|ARM
		{B3CF4DFB-9261-4B75-A012-0065AD82665C}.Release|iPhone.ActiveCfg = Release|x86
		{B3CF4DFB-9261-4B75-A012-0065AD82665C}.Release|iPhone.Build.0 = Release|x86
		{B3CF4DFB-9261-4B75-A012-0065AD82665C}.Release|iPhone.Deploy.0 = Release|x86
		{B3CF4DFB-9261-4B75-A012-0065AD82665C}.Release|iPhoneSimulator.ActiveCfg = Release|x86
		{B3CF4DFB-9261-4B75-A012-0065AD82665C}.Release|iPhoneSimulator.Build.0 = Release|x86
		{B3CF4DFB-9261-4B75-A012-0065AD82665C}.Release|iPhoneSimulator.Deploy.0 = Release|x86
		{B3CF4DFB-9261-4B75-A012-0065AD82665C}.Release|x64.ActiveCfg = Release|x64
		{B3CF4DFB-9261-4B75-A012-0065AD82665C}.Release|x64.Build.0 = Release|x64
		{B3CF4DFB-9261-4B75-A012-0065AD82665C}.Release|x64.Deploy.0 = Release|x64
		{B3CF4DFB-9261-4B75-A012-0065AD82665C}.Release|x86.ActiveCfg = Release|x86
		{B3CF4DFB-9261-4B75-A012-0065AD82665C}.Release|x86.Build.0 = Release|x86
		{B3CF4DFB-9261-4B75-A012-0065AD82665C}.Release|x86.Deploy.0 = Release|x86
		{9E97F2DA-2291-4331-A6BB-9BBA5B5047EC}.Debug|Any CPU.ActiveCfg = Debug|Any CPU
		{9E97F2DA-2291-4331-A6BB-9BBA5B5047EC}.Debug|Any CPU.Build.0 = Debug|Any CPU
		{9E97F2DA-2291-4331-A6BB-9BBA5B5047EC}.Debug|Any CPU.Deploy.0 = Debug|Any CPU
		{9E97F2DA-2291-4331-A6BB-9BBA5B5047EC}.Debug|ARM.ActiveCfg = Debug|Any CPU
		{9E97F2DA-2291-4331-A6BB-9BBA5B5047EC}.Debug|ARM.Build.0 = Debug|Any CPU
		{9E97F2DA-2291-4331-A6BB-9BBA5B5047EC}.Debug|ARM.Deploy.0 = Debug|Any CPU
		{9E97F2DA-2291-4331-A6BB-9BBA5B5047EC}.Debug|iPhone.ActiveCfg = Debug|Any CPU
		{9E97F2DA-2291-4331-A6BB-9BBA5B5047EC}.Debug|iPhone.Build.0 = Debug|Any CPU
		{9E97F2DA-2291-4331-A6BB-9BBA5B5047EC}.Debug|iPhone.Deploy.0 = Debug|Any CPU
		{9E97F2DA-2291-4331-A6BB-9BBA5B5047EC}.Debug|iPhoneSimulator.ActiveCfg = Debug|Any CPU
		{9E97F2DA-2291-4331-A6BB-9BBA5B5047EC}.Debug|iPhoneSimulator.Build.0 = Debug|Any CPU
		{9E97F2DA-2291-4331-A6BB-9BBA5B5047EC}.Debug|iPhoneSimulator.Deploy.0 = Debug|Any CPU
		{9E97F2DA-2291-4331-A6BB-9BBA5B5047EC}.Debug|x64.ActiveCfg = Debug|Any CPU
		{9E97F2DA-2291-4331-A6BB-9BBA5B5047EC}.Debug|x64.Build.0 = Debug|Any CPU
		{9E97F2DA-2291-4331-A6BB-9BBA5B5047EC}.Debug|x64.Deploy.0 = Debug|Any CPU
		{9E97F2DA-2291-4331-A6BB-9BBA5B5047EC}.Debug|x86.ActiveCfg = Debug|Any CPU
		{9E97F2DA-2291-4331-A6BB-9BBA5B5047EC}.Debug|x86.Build.0 = Debug|Any CPU
		{9E97F2DA-2291-4331-A6BB-9BBA5B5047EC}.Debug|x86.Deploy.0 = Debug|Any CPU
		{9E97F2DA-2291-4331-A6BB-9BBA5B5047EC}.Release|Any CPU.ActiveCfg = Release|Any CPU
		{9E97F2DA-2291-4331-A6BB-9BBA5B5047EC}.Release|Any CPU.Build.0 = Release|Any CPU
		{9E97F2DA-2291-4331-A6BB-9BBA5B5047EC}.Release|Any CPU.Deploy.0 = Release|Any CPU
		{9E97F2DA-2291-4331-A6BB-9BBA5B5047EC}.Release|ARM.ActiveCfg = Release|Any CPU
		{9E97F2DA-2291-4331-A6BB-9BBA5B5047EC}.Release|ARM.Build.0 = Release|Any CPU
		{9E97F2DA-2291-4331-A6BB-9BBA5B5047EC}.Release|ARM.Deploy.0 = Release|Any CPU
		{9E97F2DA-2291-4331-A6BB-9BBA5B5047EC}.Release|iPhone.ActiveCfg = Release|Any CPU
		{9E97F2DA-2291-4331-A6BB-9BBA5B5047EC}.Release|iPhone.Build.0 = Release|Any CPU
		{9E97F2DA-2291-4331-A6BB-9BBA5B5047EC}.Release|iPhone.Deploy.0 = Release|Any CPU
		{9E97F2DA-2291-4331-A6BB-9BBA5B5047EC}.Release|iPhoneSimulator.ActiveCfg = Release|Any CPU
		{9E97F2DA-2291-4331-A6BB-9BBA5B5047EC}.Release|iPhoneSimulator.Build.0 = Release|Any CPU
		{9E97F2DA-2291-4331-A6BB-9BBA5B5047EC}.Release|iPhoneSimulator.Deploy.0 = Release|Any CPU
		{9E97F2DA-2291-4331-A6BB-9BBA5B5047EC}.Release|x64.ActiveCfg = Release|Any CPU
		{9E97F2DA-2291-4331-A6BB-9BBA5B5047EC}.Release|x64.Build.0 = Release|Any CPU
		{9E97F2DA-2291-4331-A6BB-9BBA5B5047EC}.Release|x64.Deploy.0 = Release|Any CPU
		{9E97F2DA-2291-4331-A6BB-9BBA5B5047EC}.Release|x86.ActiveCfg = Release|Any CPU
		{9E97F2DA-2291-4331-A6BB-9BBA5B5047EC}.Release|x86.Build.0 = Release|Any CPU
		{9E97F2DA-2291-4331-A6BB-9BBA5B5047EC}.Release|x86.Deploy.0 = Release|Any CPU
		{8ED5E114-C874-46AE-8938-B7270505DBA8}.Debug|Any CPU.ActiveCfg = Debug|iPhoneSimulator
		{8ED5E114-C874-46AE-8938-B7270505DBA8}.Debug|Any CPU.Build.0 = Debug|iPhoneSimulator
		{8ED5E114-C874-46AE-8938-B7270505DBA8}.Debug|Any CPU.Deploy.0 = Debug|iPhoneSimulator
		{8ED5E114-C874-46AE-8938-B7270505DBA8}.Debug|ARM.ActiveCfg = Debug|iPhone
		{8ED5E114-C874-46AE-8938-B7270505DBA8}.Debug|ARM.Build.0 = Debug|iPhone
		{8ED5E114-C874-46AE-8938-B7270505DBA8}.Debug|ARM.Deploy.0 = Debug|iPhone
		{8ED5E114-C874-46AE-8938-B7270505DBA8}.Debug|iPhone.ActiveCfg = Debug|iPhone
		{8ED5E114-C874-46AE-8938-B7270505DBA8}.Debug|iPhone.Build.0 = Debug|iPhone
		{8ED5E114-C874-46AE-8938-B7270505DBA8}.Debug|iPhone.Deploy.0 = Debug|iPhone
		{8ED5E114-C874-46AE-8938-B7270505DBA8}.Debug|iPhoneSimulator.ActiveCfg = Debug|iPhoneSimulator
		{8ED5E114-C874-46AE-8938-B7270505DBA8}.Debug|iPhoneSimulator.Build.0 = Debug|iPhoneSimulator
		{8ED5E114-C874-46AE-8938-B7270505DBA8}.Debug|iPhoneSimulator.Deploy.0 = Debug|iPhoneSimulator
		{8ED5E114-C874-46AE-8938-B7270505DBA8}.Debug|x64.ActiveCfg = Debug|iPhoneSimulator
		{8ED5E114-C874-46AE-8938-B7270505DBA8}.Debug|x64.Build.0 = Debug|iPhoneSimulator
		{8ED5E114-C874-46AE-8938-B7270505DBA8}.Debug|x64.Deploy.0 = Debug|iPhoneSimulator
		{8ED5E114-C874-46AE-8938-B7270505DBA8}.Debug|x86.ActiveCfg = Debug|iPhoneSimulator
		{8ED5E114-C874-46AE-8938-B7270505DBA8}.Debug|x86.Build.0 = Debug|iPhoneSimulator
		{8ED5E114-C874-46AE-8938-B7270505DBA8}.Debug|x86.Deploy.0 = Debug|iPhoneSimulator
		{8ED5E114-C874-46AE-8938-B7270505DBA8}.Release|Any CPU.ActiveCfg = Release|iPhoneSimulator
		{8ED5E114-C874-46AE-8938-B7270505DBA8}.Release|Any CPU.Build.0 = Release|iPhoneSimulator
		{8ED5E114-C874-46AE-8938-B7270505DBA8}.Release|Any CPU.Deploy.0 = Release|iPhoneSimulator
		{8ED5E114-C874-46AE-8938-B7270505DBA8}.Release|ARM.ActiveCfg = Release|iPhoneSimulator
		{8ED5E114-C874-46AE-8938-B7270505DBA8}.Release|ARM.Build.0 = Release|iPhoneSimulator
		{8ED5E114-C874-46AE-8938-B7270505DBA8}.Release|ARM.Deploy.0 = Release|iPhoneSimulator
		{8ED5E114-C874-46AE-8938-B7270505DBA8}.Release|iPhone.ActiveCfg = Release|iPhone
		{8ED5E114-C874-46AE-8938-B7270505DBA8}.Release|iPhone.Build.0 = Release|iPhone
		{8ED5E114-C874-46AE-8938-B7270505DBA8}.Release|iPhone.Deploy.0 = Release|iPhone
		{8ED5E114-C874-46AE-8938-B7270505DBA8}.Release|iPhoneSimulator.ActiveCfg = Release|iPhoneSimulator
		{8ED5E114-C874-46AE-8938-B7270505DBA8}.Release|iPhoneSimulator.Build.0 = Release|iPhoneSimulator
		{8ED5E114-C874-46AE-8938-B7270505DBA8}.Release|iPhoneSimulator.Deploy.0 = Release|iPhoneSimulator
		{8ED5E114-C874-46AE-8938-B7270505DBA8}.Release|x64.ActiveCfg = Release|iPhoneSimulator
		{8ED5E114-C874-46AE-8938-B7270505DBA8}.Release|x64.Build.0 = Release|iPhoneSimulator
		{8ED5E114-C874-46AE-8938-B7270505DBA8}.Release|x64.Deploy.0 = Release|iPhoneSimulator
		{8ED5E114-C874-46AE-8938-B7270505DBA8}.Release|x86.ActiveCfg = Release|iPhoneSimulator
		{8ED5E114-C874-46AE-8938-B7270505DBA8}.Release|x86.Build.0 = Release|iPhoneSimulator
		{8ED5E114-C874-46AE-8938-B7270505DBA8}.Release|x86.Deploy.0 = Release|iPhoneSimulator
		{4D214142-02B7-4CB2-8CEF-08EE082F58EC}.Debug|Any CPU.ActiveCfg = Debug|Any CPU
		{4D214142-02B7-4CB2-8CEF-08EE082F58EC}.Debug|Any CPU.Build.0 = Debug|Any CPU
		{4D214142-02B7-4CB2-8CEF-08EE082F58EC}.Debug|Any CPU.Deploy.0 = Debug|Any CPU
		{4D214142-02B7-4CB2-8CEF-08EE082F58EC}.Debug|ARM.ActiveCfg = Debug|Any CPU
		{4D214142-02B7-4CB2-8CEF-08EE082F58EC}.Debug|ARM.Build.0 = Debug|Any CPU
		{4D214142-02B7-4CB2-8CEF-08EE082F58EC}.Debug|ARM.Deploy.0 = Debug|Any CPU
		{4D214142-02B7-4CB2-8CEF-08EE082F58EC}.Debug|iPhone.ActiveCfg = Debug|Any CPU
		{4D214142-02B7-4CB2-8CEF-08EE082F58EC}.Debug|iPhone.Build.0 = Debug|Any CPU
		{4D214142-02B7-4CB2-8CEF-08EE082F58EC}.Debug|iPhone.Deploy.0 = Debug|Any CPU
		{4D214142-02B7-4CB2-8CEF-08EE082F58EC}.Debug|iPhoneSimulator.ActiveCfg = Debug|Any CPU
		{4D214142-02B7-4CB2-8CEF-08EE082F58EC}.Debug|iPhoneSimulator.Build.0 = Debug|Any CPU
		{4D214142-02B7-4CB2-8CEF-08EE082F58EC}.Debug|iPhoneSimulator.Deploy.0 = Debug|Any CPU
		{4D214142-02B7-4CB2-8CEF-08EE082F58EC}.Debug|x64.ActiveCfg = Debug|Any CPU
		{4D214142-02B7-4CB2-8CEF-08EE082F58EC}.Debug|x64.Build.0 = Debug|Any CPU
		{4D214142-02B7-4CB2-8CEF-08EE082F58EC}.Debug|x64.Deploy.0 = Debug|Any CPU
		{4D214142-02B7-4CB2-8CEF-08EE082F58EC}.Debug|x86.ActiveCfg = Debug|Any CPU
		{4D214142-02B7-4CB2-8CEF-08EE082F58EC}.Debug|x86.Build.0 = Debug|Any CPU
		{4D214142-02B7-4CB2-8CEF-08EE082F58EC}.Debug|x86.Deploy.0 = Debug|Any CPU
		{4D214142-02B7-4CB2-8CEF-08EE082F58EC}.Release|Any CPU.ActiveCfg = Release|Any CPU
		{4D214142-02B7-4CB2-8CEF-08EE082F58EC}.Release|Any CPU.Build.0 = Release|Any CPU
		{4D214142-02B7-4CB2-8CEF-08EE082F58EC}.Release|Any CPU.Deploy.0 = Release|Any CPU
		{4D214142-02B7-4CB2-8CEF-08EE082F58EC}.Release|ARM.ActiveCfg = Release|Any CPU
		{4D214142-02B7-4CB2-8CEF-08EE082F58EC}.Release|ARM.Build.0 = Release|Any CPU
		{4D214142-02B7-4CB2-8CEF-08EE082F58EC}.Release|ARM.Deploy.0 = Release|Any CPU
		{4D214142-02B7-4CB2-8CEF-08EE082F58EC}.Release|iPhone.ActiveCfg = Release|Any CPU
		{4D214142-02B7-4CB2-8CEF-08EE082F58EC}.Release|iPhone.Build.0 = Release|Any CPU
		{4D214142-02B7-4CB2-8CEF-08EE082F58EC}.Release|iPhone.Deploy.0 = Release|Any CPU
		{4D214142-02B7-4CB2-8CEF-08EE082F58EC}.Release|iPhoneSimulator.ActiveCfg = Release|Any CPU
		{4D214142-02B7-4CB2-8CEF-08EE082F58EC}.Release|iPhoneSimulator.Build.0 = Release|Any CPU
		{4D214142-02B7-4CB2-8CEF-08EE082F58EC}.Release|iPhoneSimulator.Deploy.0 = Release|Any CPU
		{4D214142-02B7-4CB2-8CEF-08EE082F58EC}.Release|x64.ActiveCfg = Release|Any CPU
		{4D214142-02B7-4CB2-8CEF-08EE082F58EC}.Release|x64.Build.0 = Release|Any CPU
		{4D214142-02B7-4CB2-8CEF-08EE082F58EC}.Release|x64.Deploy.0 = Release|Any CPU
		{4D214142-02B7-4CB2-8CEF-08EE082F58EC}.Release|x86.ActiveCfg = Release|Any CPU
		{4D214142-02B7-4CB2-8CEF-08EE082F58EC}.Release|x86.Build.0 = Release|Any CPU
		{4D214142-02B7-4CB2-8CEF-08EE082F58EC}.Release|x86.Deploy.0 = Release|Any CPU
	EndGlobalSection
	GlobalSection(SolutionProperties) = preSolution
		HideSolutionNode = FALSE
	EndGlobalSection
	GlobalSection(ExtensibilityGlobals) = postSolution
		SolutionGuid = {E749C3ED-531F-436A-8F58-623587DFE922}
	EndGlobalSection
EndGlobal
